// !$*UTF8*$!
{
	archiveVersion = 1;
	classes = {
	};
	objectVersion = 50;
	objects = {

/* Begin PBXBuildFile section */
		933DC97922B4394A00A3F605 /* AppDelegate.swift in Sources */ = {isa = PBXBuildFile; fileRef = 933DC97822B4394A00A3F605 /* AppDelegate.swift */; };
		933DC97E22B4394A00A3F605 /* Main.storyboard in Resources */ = {isa = PBXBuildFile; fileRef = 933DC97C22B4394A00A3F605 /* Main.storyboard */; };
		933DC98022B4394C00A3F605 /* Assets.xcassets in Resources */ = {isa = PBXBuildFile; fileRef = 933DC97F22B4394C00A3F605 /* Assets.xcassets */; };
		933DC98322B4394C00A3F605 /* LaunchScreen.storyboard in Resources */ = {isa = PBXBuildFile; fileRef = 933DC98122B4394C00A3F605 /* LaunchScreen.storyboard */; };
		93945F3822B446920076E553 /* ThatIsAGoodIdea.wav in Resources */ = {isa = PBXBuildFile; fileRef = 93945F2422B446900076E553 /* ThatIsAGoodIdea.wav */; };
		93945F3922B446920076E553 /* TooSmaller.wav in Resources */ = {isa = PBXBuildFile; fileRef = 93945F2522B446900076E553 /* TooSmaller.wav */; };
		93945F3A22B446920076E553 /* YourMotherInLaw.wav in Resources */ = {isa = PBXBuildFile; fileRef = 93945F2622B446900076E553 /* YourMotherInLaw.wav */; };
		93945F3B22B446920076E553 /* NowYouHaveToMarry.wav in Resources */ = {isa = PBXBuildFile; fileRef = 93945F2722B446900076E553 /* NowYouHaveToMarry.wav */; };
		93945F3C22B446920076E553 /* ICannotThink.wav in Resources */ = {isa = PBXBuildFile; fileRef = 93945F2822B446900076E553 /* ICannotThink.wav */; };
		93945F3D22B446920076E553 /* AGoodSteeringWheel.wav in Resources */ = {isa = PBXBuildFile; fileRef = 93945F2922B446900076E553 /* AGoodSteeringWheel.wav */; };
		93945F3E22B446920076E553 /* IThinkItsAGoodIdea.wav in Resources */ = {isa = PBXBuildFile; fileRef = 93945F2A22B446900076E553 /* IThinkItsAGoodIdea.wav */; };
		93945F3F22B446920076E553 /* NoGoodCarIdeas.wav in Resources */ = {isa = PBXBuildFile; fileRef = 93945F2B22B446900076E553 /* NoGoodCarIdeas.wav */; };
		93945F4022B446920076E553 /* TooSmall.wav in Resources */ = {isa = PBXBuildFile; fileRef = 93945F2C22B446910076E553 /* TooSmall.wav */; };
		93945F4122B446920076E553 /* HeAdmitIt.wav in Resources */ = {isa = PBXBuildFile; fileRef = 93945F2D22B446910076E553 /* HeAdmitIt.wav */; };
		93945F4222B446920076E553 /* BestAtThis.wav in Resources */ = {isa = PBXBuildFile; fileRef = 93945F2E22B446910076E553 /* BestAtThis.wav */; };
		93945F4322B446920076E553 /* NoSpaceForMother.wav in Resources */ = {isa = PBXBuildFile; fileRef = 93945F2F22B446910076E553 /* NoSpaceForMother.wav */; };
		93945F4422B446920076E553 /* AGreatSteeringWheel.wav in Resources */ = {isa = PBXBuildFile; fileRef = 93945F3022B446910076E553 /* AGreatSteeringWheel.wav */; };
		93945F4522B446920076E553 /* WhatAboutIfItsStinky.wav in Resources */ = {isa = PBXBuildFile; fileRef = 93945F3122B446910076E553 /* WhatAboutIfItsStinky.wav */; };
		93945F4622B446920076E553 /* ShutUpPaul.wav in Resources */ = {isa = PBXBuildFile; fileRef = 93945F3222B446910076E553 /* ShutUpPaul.wav */; };
		93945F4722B446920076E553 /* YouSuck.wav in Resources */ = {isa = PBXBuildFile; fileRef = 93945F3322B446910076E553 /* YouSuck.wav */; };
		93945F4822B446920076E553 /* OhNice.wav in Resources */ = {isa = PBXBuildFile; fileRef = 93945F3422B446910076E553 /* OhNice.wav */; };
		93945F4922B446920076E553 /* TeachersPet.wav in Resources */ = {isa = PBXBuildFile; fileRef = 93945F3522B446910076E553 /* TeachersPet.wav */; };
		93945F4A22B446920076E553 /* Stinky.wav in Resources */ = {isa = PBXBuildFile; fileRef = 93945F3622B446920076E553 /* Stinky.wav */; };
		93945F4B22B446920076E553 /* ImSorry.wav in Resources */ = {isa = PBXBuildFile; fileRef = 93945F3722B446920076E553 /* ImSorry.wav */; };
		93AAA61622B439D200A949B9 /* SoundEffectsListView.swift in Sources */ = {isa = PBXBuildFile; fileRef = 93AAA61522B439D200A949B9 /* SoundEffectsListView.swift */; };
		93AAA61822B439E900A949B9 /* SoundEffectsManager.swift in Sources */ = {isa = PBXBuildFile; fileRef = 93AAA61722B439E900A949B9 /* SoundEffectsManager.swift */; };
/* End PBXBuildFile section */

/* Begin PBXFileReference section */
		933DC97522B4394A00A3F605 /* NoGoodAppIdeas.app */ = {isa = PBXFileReference; explicitFileType = wrapper.application; includeInIndex = 0; path = NoGoodAppIdeas.app; sourceTree = BUILT_PRODUCTS_DIR; };
		933DC97822B4394A00A3F605 /* AppDelegate.swift */ = {isa = PBXFileReference; lastKnownFileType = sourcecode.swift; path = AppDelegate.swift; sourceTree = "<group>"; };
		933DC97D22B4394A00A3F605 /* Base */ = {isa = PBXFileReference; lastKnownFileType = file.storyboard; name = Base; path = Base.lproj/Main.storyboard; sourceTree = "<group>"; };
		933DC97F22B4394C00A3F605 /* Assets.xcassets */ = {isa = PBXFileReference; lastKnownFileType = folder.assetcatalog; path = Assets.xcassets; sourceTree = "<group>"; };
		933DC98222B4394C00A3F605 /* Base */ = {isa = PBXFileReference; lastKnownFileType = file.storyboard; name = Base; path = Base.lproj/LaunchScreen.storyboard; sourceTree = "<group>"; };
		933DC98422B4394C00A3F605 /* Info.plist */ = {isa = PBXFileReference; lastKnownFileType = text.plist.xml; path = Info.plist; sourceTree = "<group>"; };
		93945F2422B446900076E553 /* ThatIsAGoodIdea.wav */ = {isa = PBXFileReference; lastKnownFileType = audio.wav; path = ThatIsAGoodIdea.wav; sourceTree = "<group>"; };
		93945F2522B446900076E553 /* TooSmaller.wav */ = {isa = PBXFileReference; lastKnownFileType = audio.wav; path = TooSmaller.wav; sourceTree = "<group>"; };
		93945F2622B446900076E553 /* YourMotherInLaw.wav */ = {isa = PBXFileReference; lastKnownFileType = audio.wav; path = YourMotherInLaw.wav; sourceTree = "<group>"; };
		93945F2722B446900076E553 /* NowYouHaveToMarry.wav */ = {isa = PBXFileReference; lastKnownFileType = audio.wav; path = NowYouHaveToMarry.wav; sourceTree = "<group>"; };
		93945F2822B446900076E553 /* ICannotThink.wav */ = {isa = PBXFileReference; lastKnownFileType = audio.wav; path = ICannotThink.wav; sourceTree = "<group>"; };
		93945F2922B446900076E553 /* AGoodSteeringWheel.wav */ = {isa = PBXFileReference; lastKnownFileType = audio.wav; path = AGoodSteeringWheel.wav; sourceTree = "<group>"; };
		93945F2A22B446900076E553 /* IThinkItsAGoodIdea.wav */ = {isa = PBXFileReference; lastKnownFileType = audio.wav; path = IThinkItsAGoodIdea.wav; sourceTree = "<group>"; };
		93945F2B22B446900076E553 /* NoGoodCarIdeas.wav */ = {isa = PBXFileReference; lastKnownFileType = audio.wav; path = NoGoodCarIdeas.wav; sourceTree = "<group>"; };
		93945F2C22B446910076E553 /* TooSmall.wav */ = {isa = PBXFileReference; lastKnownFileType = audio.wav; path = TooSmall.wav; sourceTree = "<group>"; };
		93945F2D22B446910076E553 /* HeAdmitIt.wav */ = {isa = PBXFileReference; lastKnownFileType = audio.wav; path = HeAdmitIt.wav; sourceTree = "<group>"; };
		93945F2E22B446910076E553 /* BestAtThis.wav */ = {isa = PBXFileReference; lastKnownFileType = audio.wav; path = BestAtThis.wav; sourceTree = "<group>"; };
		93945F2F22B446910076E553 /* NoSpaceForMother.wav */ = {isa = PBXFileReference; lastKnownFileType = audio.wav; path = NoSpaceForMother.wav; sourceTree = "<group>"; };
		93945F3022B446910076E553 /* AGreatSteeringWheel.wav */ = {isa = PBXFileReference; lastKnownFileType = audio.wav; path = AGreatSteeringWheel.wav; sourceTree = "<group>"; };
		93945F3122B446910076E553 /* WhatAboutIfItsStinky.wav */ = {isa = PBXFileReference; lastKnownFileType = audio.wav; path = WhatAboutIfItsStinky.wav; sourceTree = "<group>"; };
		93945F3222B446910076E553 /* ShutUpPaul.wav */ = {isa = PBXFileReference; lastKnownFileType = audio.wav; path = ShutUpPaul.wav; sourceTree = "<group>"; };
		93945F3322B446910076E553 /* YouSuck.wav */ = {isa = PBXFileReference; lastKnownFileType = audio.wav; path = YouSuck.wav; sourceTree = "<group>"; };
		93945F3422B446910076E553 /* OhNice.wav */ = {isa = PBXFileReference; lastKnownFileType = audio.wav; path = OhNice.wav; sourceTree = "<group>"; };
		93945F3522B446910076E553 /* TeachersPet.wav */ = {isa = PBXFileReference; lastKnownFileType = audio.wav; path = TeachersPet.wav; sourceTree = "<group>"; };
		93945F3622B446920076E553 /* Stinky.wav */ = {isa = PBXFileReference; lastKnownFileType = audio.wav; path = Stinky.wav; sourceTree = "<group>"; };
		93945F3722B446920076E553 /* ImSorry.wav */ = {isa = PBXFileReference; lastKnownFileType = audio.wav; path = ImSorry.wav; sourceTree = "<group>"; };
		93AAA61522B439D200A949B9 /* SoundEffectsListView.swift */ = {isa = PBXFileReference; fileEncoding = 4; lastKnownFileType = sourcecode.swift; path = SoundEffectsListView.swift; sourceTree = "<group>"; };
		93AAA61722B439E900A949B9 /* SoundEffectsManager.swift */ = {isa = PBXFileReference; fileEncoding = 4; lastKnownFileType = sourcecode.swift; path = SoundEffectsManager.swift; sourceTree = "<group>"; };
/* End PBXFileReference section */

/* Begin PBXFrameworksBuildPhase section */
		933DC97222B4394A00A3F605 /* Frameworks */ = {
			isa = PBXFrameworksBuildPhase;
			buildActionMask = 2147483647;
			files = (
			);
			runOnlyForDeploymentPostprocessing = 0;
		};
/* End PBXFrameworksBuildPhase section */

/* Begin PBXGroup section */
		933DC96C22B4394A00A3F605 = {
			isa = PBXGroup;
			children = (
				933DC97722B4394A00A3F605 /* NoGoodAppIdeas */,
				933DC97622B4394A00A3F605 /* Products */,
				D31CA0C47815E8BF6D259EAF /* Frameworks */,
			);
			sourceTree = "<group>";
		};
		933DC97622B4394A00A3F605 /* Products */ = {
			isa = PBXGroup;
			children = (
				933DC97522B4394A00A3F605 /* NoGoodAppIdeas.app */,
			);
			name = Products;
			sourceTree = "<group>";
		};
		933DC97722B4394A00A3F605 /* NoGoodAppIdeas */ = {
			isa = PBXGroup;
			children = (
				933DC97822B4394A00A3F605 /* AppDelegate.swift */,
				93AAA61522B439D200A949B9 /* SoundEffectsListView.swift */,
				93AAA61722B439E900A949B9 /* SoundEffectsManager.swift */,
				933DC97C22B4394A00A3F605 /* Main.storyboard */,
				93945F4C22B446970076E553 /* Sound Effects */,
				933DC97F22B4394C00A3F605 /* Assets.xcassets */,
				933DC98122B4394C00A3F605 /* LaunchScreen.storyboard */,
				933DC98422B4394C00A3F605 /* Info.plist */,
			);
			path = NoGoodAppIdeas;
			sourceTree = "<group>";
		};
		93945F4C22B446970076E553 /* Sound Effects */ = {
			isa = PBXGroup;
			children = (
				93945F2922B446900076E553 /* AGoodSteeringWheel.wav */,
				93945F3022B446910076E553 /* AGreatSteeringWheel.wav */,
				93945F2E22B446910076E553 /* BestAtThis.wav */,
				93945F2D22B446910076E553 /* HeAdmitIt.wav */,
				93945F2822B446900076E553 /* ICannotThink.wav */,
				93945F3722B446920076E553 /* ImSorry.wav */,
				93945F2A22B446900076E553 /* IThinkItsAGoodIdea.wav */,
				93945F2B22B446900076E553 /* NoGoodCarIdeas.wav */,
				93945F2F22B446910076E553 /* NoSpaceForMother.wav */,
				93945F2722B446900076E553 /* NowYouHaveToMarry.wav */,
				93945F3422B446910076E553 /* OhNice.wav */,
				93945F3222B446910076E553 /* ShutUpPaul.wav */,
				93945F3622B446920076E553 /* Stinky.wav */,
				93945F3522B446910076E553 /* TeachersPet.wav */,
				93945F2422B446900076E553 /* ThatIsAGoodIdea.wav */,
				93945F2C22B446910076E553 /* TooSmall.wav */,
				93945F2522B446900076E553 /* TooSmaller.wav */,
				93945F3122B446910076E553 /* WhatAboutIfItsStinky.wav */,
				93945F2622B446900076E553 /* YourMotherInLaw.wav */,
				93945F3322B446910076E553 /* YouSuck.wav */,
			);
			path = "Sound Effects";
			sourceTree = "<group>";
		};
		D31CA0C47815E8BF6D259EAF /* Frameworks */ = {
			isa = PBXGroup;
			children = (
			);
			name = Frameworks;
			sourceTree = "<group>";
		};
/* End PBXGroup section */

/* Begin PBXNativeTarget section */
		933DC97422B4394A00A3F605 /* NoGoodAppIdeas */ = {
			isa = PBXNativeTarget;
			buildConfigurationList = 933DC98722B4394C00A3F605 /* Build configuration list for PBXNativeTarget "NoGoodAppIdeas" */;
			buildPhases = (
				933DC97122B4394A00A3F605 /* Sources */,
				933DC97222B4394A00A3F605 /* Frameworks */,
				933DC97322B4394A00A3F605 /* Resources */,
			);
			buildRules = (
			);
			dependencies = (
			);
			name = NoGoodAppIdeas;
			productName = NoGoodAppIdeas;
			productReference = 933DC97522B4394A00A3F605 /* NoGoodAppIdeas.app */;
			productType = "com.apple.product-type.application";
		};
/* End PBXNativeTarget section */

/* Begin PBXProject section */
		933DC96D22B4394A00A3F605 /* Project object */ = {
			isa = PBXProject;
			attributes = {
				LastSwiftUpdateCheck = 1020;
				LastUpgradeCheck = 1020;
				ORGANIZATIONNAME = "Bryan Clark";
				TargetAttributes = {
					933DC97422B4394A00A3F605 = {
						CreatedOnToolsVersion = 10.2.1;
					};
				};
			};
			buildConfigurationList = 933DC97022B4394A00A3F605 /* Build configuration list for PBXProject "NoGoodAppIdeas" */;
			compatibilityVersion = "Xcode 9.3";
			developmentRegion = en;
			hasScannedForEncodings = 0;
			knownRegions = (
				en,
				Base,
			);
			mainGroup = 933DC96C22B4394A00A3F605;
			productRefGroup = 933DC97622B4394A00A3F605 /* Products */;
			projectDirPath = "";
			projectRoot = "";
			targets = (
				933DC97422B4394A00A3F605 /* NoGoodAppIdeas */,
			);
		};
/* End PBXProject section */

/* Begin PBXResourcesBuildPhase section */
		933DC97322B4394A00A3F605 /* Resources */ = {
			isa = PBXResourcesBuildPhase;
			buildActionMask = 2147483647;
			files = (
				93945F3A22B446920076E553 /* YourMotherInLaw.wav in Resources */,
				93945F3B22B446920076E553 /* NowYouHaveToMarry.wav in Resources */,
				933DC98322B4394C00A3F605 /* LaunchScreen.storyboard in Resources */,
				93945F4922B446920076E553 /* TeachersPet.wav in Resources */,
				93945F4122B446920076E553 /* HeAdmitIt.wav in Resources */,
				93945F3822B446920076E553 /* ThatIsAGoodIdea.wav in Resources */,
				93945F3E22B446920076E553 /* IThinkItsAGoodIdea.wav in Resources */,
				933DC98022B4394C00A3F605 /* Assets.xcassets in Resources */,
				93945F4222B446920076E553 /* BestAtThis.wav in Resources */,
				933DC97E22B4394A00A3F605 /* Main.storyboard in Resources */,
				93945F4722B446920076E553 /* YouSuck.wav in Resources */,
				93945F4322B446920076E553 /* NoSpaceForMother.wav in Resources */,
				93945F4522B446920076E553 /* WhatAboutIfItsStinky.wav in Resources */,
				93945F3C22B446920076E553 /* ICannotThink.wav in Resources */,
				93945F3D22B446920076E553 /* AGoodSteeringWheel.wav in Resources */,
				93945F4622B446920076E553 /* ShutUpPaul.wav in Resources */,
				93945F3F22B446920076E553 /* NoGoodCarIdeas.wav in Resources */,
				93945F4822B446920076E553 /* OhNice.wav in Resources */,
				93945F4A22B446920076E553 /* Stinky.wav in Resources */,
				93945F4422B446920076E553 /* AGreatSteeringWheel.wav in Resources */,
				93945F3922B446920076E553 /* TooSmaller.wav in Resources */,
				93945F4B22B446920076E553 /* ImSorry.wav in Resources */,
				93945F4022B446920076E553 /* TooSmall.wav in Resources */,
			);
			runOnlyForDeploymentPostprocessing = 0;
		};
/* End PBXResourcesBuildPhase section */

/* Begin PBXSourcesBuildPhase section */
		933DC97122B4394A00A3F605 /* Sources */ = {
			isa = PBXSourcesBuildPhase;
			buildActionMask = 2147483647;
			files = (
				93AAA61622B439D200A949B9 /* SoundEffectsListView.swift in Sources */,
				933DC97922B4394A00A3F605 /* AppDelegate.swift in Sources */,
				93AAA61822B439E900A949B9 /* SoundEffectsManager.swift in Sources */,
			);
			runOnlyForDeploymentPostprocessing = 0;
		};
/* End PBXSourcesBuildPhase section */

/* Begin PBXVariantGroup section */
		933DC97C22B4394A00A3F605 /* Main.storyboard */ = {
			isa = PBXVariantGroup;
			children = (
				933DC97D22B4394A00A3F605 /* Base */,
			);
			name = Main.storyboard;
			sourceTree = "<group>";
		};
		933DC98122B4394C00A3F605 /* LaunchScreen.storyboard */ = {
			isa = PBXVariantGroup;
			children = (
				933DC98222B4394C00A3F605 /* Base */,
			);
			name = LaunchScreen.storyboard;
			sourceTree = "<group>";
		};
/* End PBXVariantGroup section */

/* Begin XCBuildConfiguration section */
		933DC98522B4394C00A3F605 /* Debug */ = {
			isa = XCBuildConfiguration;
			buildSettings = {
				ALWAYS_SEARCH_USER_PATHS = NO;
				CLANG_ANALYZER_NONNULL = YES;
				CLANG_ANALYZER_NUMBER_OBJECT_CONVERSION = YES_AGGRESSIVE;
				CLANG_CXX_LANGUAGE_STANDARD = "gnu++14";
				CLANG_CXX_LIBRARY = "libc++";
				CLANG_ENABLE_MODULES = YES;
				CLANG_ENABLE_OBJC_ARC = YES;
				CLANG_ENABLE_OBJC_WEAK = YES;
				CLANG_WARN_BLOCK_CAPTURE_AUTORELEASING = YES;
				CLANG_WARN_BOOL_CONVERSION = YES;
				CLANG_WARN_COMMA = YES;
				CLANG_WARN_CONSTANT_CONVERSION = YES;
				CLANG_WARN_DEPRECATED_OBJC_IMPLEMENTATIONS = YES;
				CLANG_WARN_DIRECT_OBJC_ISA_USAGE = YES_ERROR;
				CLANG_WARN_DOCUMENTATION_COMMENTS = YES;
				CLANG_WARN_EMPTY_BODY = YES;
				CLANG_WARN_ENUM_CONVERSION = YES;
				CLANG_WARN_INFINITE_RECURSION = YES;
				CLANG_WARN_INT_CONVERSION = YES;
				CLANG_WARN_NON_LITERAL_NULL_CONVERSION = YES;
				CLANG_WARN_OBJC_IMPLICIT_RETAIN_SELF = YES;
				CLANG_WARN_OBJC_LITERAL_CONVERSION = YES;
				CLANG_WARN_OBJC_ROOT_CLASS = YES_ERROR;
				CLANG_WARN_RANGE_LOOP_ANALYSIS = YES;
				CLANG_WARN_STRICT_PROTOTYPES = YES;
				CLANG_WARN_SUSPICIOUS_MOVE = YES;
				CLANG_WARN_UNGUARDED_AVAILABILITY = YES_AGGRESSIVE;
				CLANG_WARN_UNREACHABLE_CODE = YES;
				CLANG_WARN__DUPLICATE_METHOD_MATCH = YES;
				CODE_SIGN_IDENTITY = "iPhone Developer";
				COPY_PHASE_STRIP = NO;
				DEBUG_INFORMATION_FORMAT = dwarf;
				ENABLE_STRICT_OBJC_MSGSEND = YES;
				ENABLE_TESTABILITY = YES;
				GCC_C_LANGUAGE_STANDARD = gnu11;
				GCC_DYNAMIC_NO_PIC = NO;
				GCC_NO_COMMON_BLOCKS = YES;
				GCC_OPTIMIZATION_LEVEL = 0;
				GCC_PREPROCESSOR_DEFINITIONS = (
					"DEBUG=1",
					"$(inherited)",
				);
				GCC_WARN_64_TO_32_BIT_CONVERSION = YES;
				GCC_WARN_ABOUT_RETURN_TYPE = YES_ERROR;
				GCC_WARN_UNDECLARED_SELECTOR = YES;
				GCC_WARN_UNINITIALIZED_AUTOS = YES_AGGRESSIVE;
				GCC_WARN_UNUSED_FUNCTION = YES;
				GCC_WARN_UNUSED_VARIABLE = YES;
				IPHONEOS_DEPLOYMENT_TARGET = 12.2;
				MTL_ENABLE_DEBUG_INFO = INCLUDE_SOURCE;
				MTL_FAST_MATH = YES;
				ONLY_ACTIVE_ARCH = YES;
				SDKROOT = iphoneos;
				SWIFT_ACTIVE_COMPILATION_CONDITIONS = DEBUG;
				SWIFT_OPTIMIZATION_LEVEL = "-Onone";
			};
			name = Debug;
		};
		933DC98622B4394C00A3F605 /* Release */ = {
			isa = XCBuildConfiguration;
			buildSettings = {
				ALWAYS_SEARCH_USER_PATHS = NO;
				CLANG_ANALYZER_NONNULL = YES;
				CLANG_ANALYZER_NUMBER_OBJECT_CONVERSION = YES_AGGRESSIVE;
				CLANG_CXX_LANGUAGE_STANDARD = "gnu++14";
				CLANG_CXX_LIBRARY = "libc++";
				CLANG_ENABLE_MODULES = YES;
				CLANG_ENABLE_OBJC_ARC = YES;
				CLANG_ENABLE_OBJC_WEAK = YES;
				CLANG_WARN_BLOCK_CAPTURE_AUTORELEASING = YES;
				CLANG_WARN_BOOL_CONVERSION = YES;
				CLANG_WARN_COMMA = YES;
				CLANG_WARN_CONSTANT_CONVERSION = YES;
				CLANG_WARN_DEPRECATED_OBJC_IMPLEMENTATIONS = YES;
				CLANG_WARN_DIRECT_OBJC_ISA_USAGE = YES_ERROR;
				CLANG_WARN_DOCUMENTATION_COMMENTS = YES;
				CLANG_WARN_EMPTY_BODY = YES;
				CLANG_WARN_ENUM_CONVERSION = YES;
				CLANG_WARN_INFINITE_RECURSION = YES;
				CLANG_WARN_INT_CONVERSION = YES;
				CLANG_WARN_NON_LITERAL_NULL_CONVERSION = YES;
				CLANG_WARN_OBJC_IMPLICIT_RETAIN_SELF = YES;
				CLANG_WARN_OBJC_LITERAL_CONVERSION = YES;
				CLANG_WARN_OBJC_ROOT_CLASS = YES_ERROR;
				CLANG_WARN_RANGE_LOOP_ANALYSIS = YES;
				CLANG_WARN_STRICT_PROTOTYPES = YES;
				CLANG_WARN_SUSPICIOUS_MOVE = YES;
				CLANG_WARN_UNGUARDED_AVAILABILITY = YES_AGGRESSIVE;
				CLANG_WARN_UNREACHABLE_CODE = YES;
				CLANG_WARN__DUPLICATE_METHOD_MATCH = YES;
				CODE_SIGN_IDENTITY = "iPhone Developer";
				COPY_PHASE_STRIP = NO;
				DEBUG_INFORMATION_FORMAT = "dwarf-with-dsym";
				ENABLE_NS_ASSERTIONS = NO;
				ENABLE_STRICT_OBJC_MSGSEND = YES;
				GCC_C_LANGUAGE_STANDARD = gnu11;
				GCC_NO_COMMON_BLOCKS = YES;
				GCC_WARN_64_TO_32_BIT_CONVERSION = YES;
				GCC_WARN_ABOUT_RETURN_TYPE = YES_ERROR;
				GCC_WARN_UNDECLARED_SELECTOR = YES;
				GCC_WARN_UNINITIALIZED_AUTOS = YES_AGGRESSIVE;
				GCC_WARN_UNUSED_FUNCTION = YES;
				GCC_WARN_UNUSED_VARIABLE = YES;
				IPHONEOS_DEPLOYMENT_TARGET = 12.2;
				MTL_ENABLE_DEBUG_INFO = NO;
				MTL_FAST_MATH = YES;
				SDKROOT = iphoneos;
				SWIFT_COMPILATION_MODE = wholemodule;
				SWIFT_OPTIMIZATION_LEVEL = "-O";
				VALIDATE_PRODUCT = YES;
			};
			name = Release;
		};
		933DC98822B4394C00A3F605 /* Debug */ = {
			isa = XCBuildConfiguration;
			buildSettings = {
				ASSETCATALOG_COMPILER_APPICON_NAME = AppIcon;
				CODE_SIGN_STYLE = Automatic;
				DEVELOPMENT_TEAM = ZJXE3GWY8P;
				INFOPLIST_FILE = NoGoodAppIdeas/Info.plist;
				LD_RUNPATH_SEARCH_PATHS = (
					"$(inherited)",
					"@executable_path/Frameworks",
				);
				PRODUCT_BUNDLE_IDENTIFIER = com.bryanjclark.NoGoodAppIdeas;
				PRODUCT_NAME = "$(TARGET_NAME)";
				SWIFT_VERSION = 5.0;
				TARGETED_DEVICE_FAMILY = 1;
			};
			name = Debug;
		};
		933DC98922B4394C00A3F605 /* Release */ = {
			isa = XCBuildConfiguration;
			buildSettings = {
				ASSETCATALOG_COMPILER_APPICON_NAME = AppIcon;
				CODE_SIGN_STYLE = Automatic;
				DEVELOPMENT_TEAM = ZJXE3GWY8P;
				INFOPLIST_FILE = NoGoodAppIdeas/Info.plist;
				LD_RUNPATH_SEARCH_PATHS = (
					"$(inherited)",
					"@executable_path/Frameworks",
				);
				PRODUCT_BUNDLE_IDENTIFIER = com.bryanjclark.NoGoodAppIdeas;
				PRODUCT_NAME = "$(TARGET_NAME)";
				SWIFT_VERSION = 5.0;
				TARGETED_DEVICE_FAMILY = 1;
			};
			name = Release;
		};
/* End XCBuildConfiguration section */

/* Begin XCConfigurationList section */
		933DC97022B4394A00A3F605 /* Build configuration list for PBXProject "NoGoodAppIdeas" */ = {
			isa = XCConfigurationList;
			buildConfigurations = (
				933DC98522B4394C00A3F605 /* Debug */,
				933DC98622B4394C00A3F605 /* Release */,
			);
			defaultConfigurationIsVisible = 0;
			defaultConfigurationName = Release;
		};
		933DC98722B4394C00A3F605 /* Build configuration list for PBXNativeTarget "NoGoodAppIdeas" */ = {
			isa = XCConfigurationList;
			buildConfigurations = (
				933DC98822B4394C00A3F605 /* Debug */,
				933DC98922B4394C00A3F605 /* Release */,
			);
			defaultConfigurationIsVisible = 0;
			defaultConfigurationName = Release;
		};
/* End XCConfigurationList section */
	};
	rootObject = 933DC96D22B4394A00A3F605 /* Project object */;
}
